
Microsoft Visual Studio Solution File, Format Version 12.00
# Visual Studio Version 16
VisualStudioVersion = 16.0.30320.27
MinimumVisualStudioVersion = 10.0.40219.1
Project("{FAE04EC0-301F-11D3-BF4B-00C04F79EFBC}") = "Cripto", "Cripto\Cripto.csproj", "{D13E0074-E697-4FB3-BBB4-334B29180407}"
EndProject
Global
	GlobalSection(SolutionConfigurationPlatforms) = preSolution
		Debug|Any CPU = Debug|Any CPU
		Release|Any CPU = Release|Any CPU
	EndGlobalSection
	GlobalSection(ProjectConfigurationPlatforms) = postSolution
		{D13E0074-E697-4FB3-BBB4-334B29180407}.Debug|Any CPU.ActiveCfg = Debug|Any CPU
		{D13E0074-E697-4FB3-BBB4-334B29180407}.Debug|Any CPU.Build.0 = Debug|Any CPU
		{D13E0074-E697-4FB3-BBB4-334B29180407}.Release|Any CPU.ActiveCfg = Release|Any CPU
		{D13E0074-E697-4FB3-BBB4-334B29180407}.Release|Any CPU.Build.0 = Release|Any CPU
	EndGlobalSection
	GlobalSection(SolutionProperties) = preSolution
		HideSolutionNode = FALSE
	EndGlobalSection
	GlobalSection(ExtensibilityGlobals) = postSolution
		SolutionGuid = {29070663-99D3-469A-B526-DB48EB8172C1}
	EndGlobalSection
EndGlobal
